{
  "name": "jasmine-with-angularjs",
  "version": "1.0.0",
  "lockfileVersion": 1,
  "requires": true,
  "dependencies": {
    "angular": {
      "version": "1.8.0",
      "resolved": "https://registry.npmjs.org/angular/-/angular-1.8.0.tgz",
      "integrity": "sha512-VdaMx+Qk0Skla7B5gw77a8hzlcOakwF8mjlW13DpIWIDlfqwAbSSLfd8N/qZnzEmQF4jC4iofInd3gE7vL8ZZg=="
    },
    "angular-local-storage": {
      "version": "0.7.1",
      "resolved": "https://registry.npmjs.org/angular-local-storage/-/angular-local-storage-0.7.1.tgz",
      "integrity": "sha1-+9JzB2PCn6mvVyXgGGx4BiHozdI="
    },
    "angular-mocks": {
      "version": "1.7.5",
      "resolved": "https://registry.npmjs.org/angular-mocks/-/angular-mocks-1.7.5.tgz",
      "integrity": "sha512-I+Ue2Bkx6R9W5178DYrNvzjIdGh4wKKoCWsgz8dc7ysH4mA70Q3M9v5xRF0RUu7r+2CZj+nDeUecvh2paxcYvg=="
    }
  }
}
